// !$*UTF8*$!
{
	archiveVersion = 1;
	classes = {
	};
	objectVersion = 48;
	objects = {

/* Begin PBXBuildFile section */
		2465A7CEB137674BE754AD92 /* Pods_REEQ_HUD.framework in Frameworks */ = {isa = PBXBuildFile; fileRef = 0DCA6EC92995F781E5A03BC1 /* Pods_REEQ_HUD.framework */; };
		39F368071FAEB5E70020D3BB /* AppDelegate.swift in Sources */ = {isa = PBXBuildFile; fileRef = 39F368061FAEB5E70020D3BB /* AppDelegate.swift */; };
		39F368091FAEB5E70020D3BB /* ViewController.swift in Sources */ = {isa = PBXBuildFile; fileRef = 39F368081FAEB5E70020D3BB /* ViewController.swift */; };
		39F3680C1FAEB5E70020D3BB /* Main.storyboard in Resources */ = {isa = PBXBuildFile; fileRef = 39F3680A1FAEB5E70020D3BB /* Main.storyboard */; };
		39F3680E1FAEB5E70020D3BB /* Assets.xcassets in Resources */ = {isa = PBXBuildFile; fileRef = 39F3680D1FAEB5E70020D3BB /* Assets.xcassets */; };
		39F368111FAEB5E70020D3BB /* LaunchScreen.storyboard in Resources */ = {isa = PBXBuildFile; fileRef = 39F3680F1FAEB5E70020D3BB /* LaunchScreen.storyboard */; };
/* End PBXBuildFile section */

/* Begin PBXFileReference section */
		0146087B50B117F1DD6695EE /* Pods-REEQ_HUD.debug.xcconfig */ = {isa = PBXFileReference; includeInIndex = 1; lastKnownFileType = text.xcconfig; name = "Pods-REEQ_HUD.debug.xcconfig"; path = "Pods/Target Support Files/Pods-REEQ_HUD/Pods-REEQ_HUD.debug.xcconfig"; sourceTree = "<group>"; };
		0DCA6EC92995F781E5A03BC1 /* Pods_REEQ_HUD.framework */ = {isa = PBXFileReference; explicitFileType = wrapper.framework; includeInIndex = 0; path = Pods_REEQ_HUD.framework; sourceTree = BUILT_PRODUCTS_DIR; };
		39F368031FAEB5E70020D3BB /* REEQ_HUD.app */ = {isa = PBXFileReference; explicitFileType = wrapper.application; includeInIndex = 0; path = REEQ_HUD.app; sourceTree = BUILT_PRODUCTS_DIR; };
		39F368061FAEB5E70020D3BB /* AppDelegate.swift */ = {isa = PBXFileReference; lastKnownFileType = sourcecode.swift; path = AppDelegate.swift; sourceTree = "<group>"; };
		39F368081FAEB5E70020D3BB /* ViewController.swift */ = {isa = PBXFileReference; lastKnownFileType = sourcecode.swift; path = ViewController.swift; sourceTree = "<group>"; };
		39F3680B1FAEB5E70020D3BB /* Base */ = {isa = PBXFileReference; lastKnownFileType = file.storyboard; name = Base; path = Base.lproj/Main.storyboard; sourceTree = "<group>"; };
		39F3680D1FAEB5E70020D3BB /* Assets.xcassets */ = {isa = PBXFileReference; lastKnownFileType = folder.assetcatalog; path = Assets.xcassets; sourceTree = "<group>"; };
		39F368101FAEB5E70020D3BB /* Base */ = {isa = PBXFileReference; lastKnownFileType = file.storyboard; name = Base; path = Base.lproj/LaunchScreen.storyboard; sourceTree = "<group>"; };
		39F368121FAEB5E70020D3BB /* Info.plist */ = {isa = PBXFileReference; lastKnownFileType = text.plist.xml; path = Info.plist; sourceTree = "<group>"; };
		B8C35084C1A4489AFE1C2133 /* Pods-REEQ_HUD.release.xcconfig */ = {isa = PBXFileReference; includeInIndex = 1; lastKnownFileType = text.xcconfig; name = "Pods-REEQ_HUD.release.xcconfig"; path = "Pods/Target Support Files/Pods-REEQ_HUD/Pods-REEQ_HUD.release.xcconfig"; sourceTree = "<group>"; };
/* End PBXFileReference section */

/* Begin PBXFrameworksBuildPhase section */
		39F368001FAEB5E70020D3BB /* Frameworks */ = {
			isa = PBXFrameworksBuildPhase;
			buildActionMask = 2147483647;
			files = (
				2465A7CEB137674BE754AD92 /* Pods_REEQ_HUD.framework in Frameworks */,
			);
			runOnlyForDeploymentPostprocessing = 0;
		};
/* End PBXFrameworksBuildPhase section */

/* Begin PBXGroup section */
		10BB6866948E0E08CA420D98 /* Pods */ = {
			isa = PBXGroup;
			children = (
				0146087B50B117F1DD6695EE /* Pods-REEQ_HUD.debug.xcconfig */,
				B8C35084C1A4489AFE1C2133 /* Pods-REEQ_HUD.release.xcconfig */,
			);
			name = Pods;
			sourceTree = "<group>";
		};
		2AE1EFE84FA6979C0BD42BC5 /* Frameworks */ = {
			isa = PBXGroup;
			children = (
				0DCA6EC92995F781E5A03BC1 /* Pods_REEQ_HUD.framework */,
			);
			name = Frameworks;
			sourceTree = "<group>";
		};
		39F367FA1FAEB5E70020D3BB = {
			isa = PBXGroup;
			children = (
				39F368051FAEB5E70020D3BB /* REEQ_HUD */,
				39F368041FAEB5E70020D3BB /* Products */,
				10BB6866948E0E08CA420D98 /* Pods */,
				2AE1EFE84FA6979C0BD42BC5 /* Frameworks */,
			);
			sourceTree = "<group>";
		};
		39F368041FAEB5E70020D3BB /* Products */ = {
			isa = PBXGroup;
			children = (
				39F368031FAEB5E70020D3BB /* REEQ_HUD.app */,
			);
			name = Products;
			sourceTree = "<group>";
		};
		39F368051FAEB5E70020D3BB /* REEQ_HUD */ = {
			isa = PBXGroup;
			children = (
				39F368061FAEB5E70020D3BB /* AppDelegate.swift */,
				39F368081FAEB5E70020D3BB /* ViewController.swift */,
				39F3680A1FAEB5E70020D3BB /* Main.storyboard */,
				39F3680D1FAEB5E70020D3BB /* Assets.xcassets */,
				39F3680F1FAEB5E70020D3BB /* LaunchScreen.storyboard */,
				39F368121FAEB5E70020D3BB /* Info.plist */,
			);
			path = REEQ_HUD;
			sourceTree = "<group>";
		};
/* End PBXGroup section */

/* Begin PBXNativeTarget section */
		39F368021FAEB5E70020D3BB /* REEQ_HUD */ = {
			isa = PBXNativeTarget;
			buildConfigurationList = 39F368151FAEB5E70020D3BB /* Build configuration list for PBXNativeTarget "REEQ_HUD" */;
			buildPhases = (
				C04DE7D3EE3471DA0A42EBE3 /* [CP] Check Pods Manifest.lock */,
				39F367FF1FAEB5E70020D3BB /* Sources */,
				39F368001FAEB5E70020D3BB /* Frameworks */,
				39F368011FAEB5E70020D3BB /* Resources */,
				C2010EE2A0E7F5E8401370EB /* [CP] Embed Pods Frameworks */,
				6C24C68D13C2502388D7F858 /* [CP] Copy Pods Resources */,
			);
			buildRules = (
			);
			dependencies = (
			);
			name = REEQ_HUD;
			productName = REEQ_HUD;
			productReference = 39F368031FAEB5E70020D3BB /* REEQ_HUD.app */;
			productType = "com.apple.product-type.application";
		};
/* End PBXNativeTarget section */

/* Begin PBXProject section */
		39F367FB1FAEB5E70020D3BB /* Project object */ = {
			isa = PBXProject;
			attributes = {
				LastSwiftUpdateCheck = 0900;
				LastUpgradeCheck = 0900;
				ORGANIZATIONNAME = "ChengYen Chen";
				TargetAttributes = {
					39F368021FAEB5E70020D3BB = {
						CreatedOnToolsVersion = 9.0;
						ProvisioningStyle = Automatic;
					};
				};
			};
			buildConfigurationList = 39F367FE1FAEB5E70020D3BB /* Build configuration list for PBXProject "REEQ_HUD" */;
			compatibilityVersion = "Xcode 8.0";
			developmentRegion = en;
			hasScannedForEncodings = 0;
			knownRegions = (
				en,
				Base,
			);
			mainGroup = 39F367FA1FAEB5E70020D3BB;
			productRefGroup = 39F368041FAEB5E70020D3BB /* Products */;
			projectDirPath = "";
			projectRoot = "";
			targets = (
				39F368021FAEB5E70020D3BB /* REEQ_HUD */,
			);
		};
/* End PBXProject section */

/* Begin PBXResourcesBuildPhase section */
		39F368011FAEB5E70020D3BB /* Resources */ = {
			isa = PBXResourcesBuildPhase;
			buildActionMask = 2147483647;
			files = (
				39F368111FAEB5E70020D3BB /* LaunchScreen.storyboard in Resources */,
				39F3680E1FAEB5E70020D3BB /* Assets.xcassets in Resources */,
				39F3680C1FAEB5E70020D3BB /* Main.storyboard in Resources */,
			);
			runOnlyForDeploymentPostprocessing = 0;
		};
/* End PBXResourcesBuildPhase section */

/* Begin PBXShellScriptBuildPhase section */
		6C24C68D13C2502388D7F858 /* [CP] Copy Pods Resources */ = {
			isa = PBXShellScriptBuildPhase;
			buildActionMask = 2147483647;
			files = (
			);
			inputPaths = (
			);
			name = "[CP] Copy Pods Resources";
			outputPaths = (
			);
			runOnlyForDeploymentPostprocessing = 0;
			shellPath = /bin/sh;
			shellScript = "\"${SRCROOT}/Pods/Target Support Files/Pods-REEQ_HUD/Pods-REEQ_HUD-resources.sh\"\n";
			showEnvVarsInLog = 0;
		};
		C04DE7D3EE3471DA0A42EBE3 /* [CP] Check Pods Manifest.lock */ = {
			isa = PBXShellScriptBuildPhase;
			buildActionMask = 2147483647;
			files = (
			);
			inputPaths = (
			);
			name = "[CP] Check Pods Manifest.lock";
			outputPaths = (
			);
			runOnlyForDeploymentPostprocessing = 0;
			shellPath = /bin/sh;
			shellScript = "diff \"${PODS_PODFILE_DIR_PATH}/Podfile.lock\" \"${PODS_ROOT}/Manifest.lock\" > /dev/null\nif [ $? != 0 ] ; then\n    # print error to STDERR\n    echo \"error: The sandbox is not in sync with the Podfile.lock. Run 'pod install' or update your CocoaPods installation.\" >&2\n    exit 1\nfi\n";
			showEnvVarsInLog = 0;
		};
		C2010EE2A0E7F5E8401370EB /* [CP] Embed Pods Frameworks */ = {
			isa = PBXShellScriptBuildPhase;
			buildActionMask = 2147483647;
			files = (
			);
			inputPaths = (
			);
			name = "[CP] Embed Pods Frameworks";
			outputPaths = (
			);
			runOnlyForDeploymentPostprocessing = 0;
			shellPath = /bin/sh;
			shellScript = "\"${SRCROOT}/Pods/Target Support Files/Pods-REEQ_HUD/Pods-REEQ_HUD-frameworks.sh\"\n";
			showEnvVarsInLog = 0;
		};
/* End PBXShellScriptBuildPhase section */

/* Begin PBXSourcesBuildPhase section */
		39F367FF1FAEB5E70020D3BB /* Sources */ = {
			isa = PBXSourcesBuildPhase;
			buildActionMask = 2147483647;
			files = (
				39F368091FAEB5E70020D3BB /* ViewController.swift in Sources */,
				39F368071FAEB5E70020D3BB /* AppDelegate.swift in Sources */,
			);
			runOnlyForDeploymentPostprocessing = 0;
		};
/* End PBXSourcesBuildPhase section */

/* Begin PBXVariantGroup section */
		39F3680A1FAEB5E70020D3BB /* Main.storyboard */ = {
			isa = PBXVariantGroup;
			children = (
				39F3680B1FAEB5E70020D3BB /* Base */,
			);
			name = Main.storyboard;
			sourceTree = "<group>";
		};
		39F3680F1FAEB5E70020D3BB /* LaunchScreen.storyboard */ = {
			isa = PBXVariantGroup;
			children = (
				39F368101FAEB5E70020D3BB /* Base */,
			);
			name = LaunchScreen.storyboard;
			sourceTree = "<group>";
		};
/* End PBXVariantGroup section */

/* Begin XCBuildConfiguration section */
		39F368131FAEB5E70020D3BB /* Debug */ = {
			isa = XCBuildConfiguration;
			buildSettings = {
				ALWAYS_SEARCH_USER_PATHS = NO;
				CLANG_ANALYZER_NONNULL = YES;
				CLANG_ANALYZER_NUMBER_OBJECT_CONVERSION = YES_AGGRESSIVE;
				CLANG_CXX_LANGUAGE_STANDARD = "gnu++14";
				CLANG_CXX_LIBRARY = "libc++";
				CLANG_ENABLE_MODULES = YES;
				CLANG_ENABLE_OBJC_ARC = YES;
				CLANG_WARN_BLOCK_CAPTURE_AUTORELEASING = YES;
				CLANG_WARN_BOOL_CONVERSION = YES;
				CLANG_WARN_COMMA = YES;
				CLANG_WARN_CONSTANT_CONVERSION = YES;
				CLANG_WARN_DIRECT_OBJC_ISA_USAGE = YES_ERROR;
				CLANG_WARN_DOCUMENTATION_COMMENTS = YES;
				CLANG_WARN_EMPTY_BODY = YES;
				CLANG_WARN_ENUM_CONVERSION = YES;
				CLANG_WARN_INFINITE_RECURSION = YES;
				CLANG_WARN_INT_CONVERSION = YES;
				CLANG_WARN_NON_LITERAL_NULL_CONVERSION = YES;
				CLANG_WARN_OBJC_LITERAL_CONVERSION = YES;
				CLANG_WARN_OBJC_ROOT_CLASS = YES_ERROR;
				CLANG_WARN_RANGE_LOOP_ANALYSIS = YES;
				CLANG_WARN_STRICT_PROTOTYPES = YES;
				CLANG_WARN_SUSPICIOUS_MOVE = YES;
				CLANG_WARN_UNGUARDED_AVAILABILITY = YES_AGGRESSIVE;
				CLANG_WARN_UNREACHABLE_CODE = YES;
				CLANG_WARN__DUPLICATE_METHOD_MATCH = YES;
				CODE_SIGN_IDENTITY = "iPhone Developer";
				COPY_PHASE_STRIP = NO;
				DEBUG_INFORMATION_FORMAT = dwarf;
				ENABLE_STRICT_OBJC_MSGSEND = YES;
				ENABLE_TESTABILITY = YES;
				GCC_C_LANGUAGE_STANDARD = gnu11;
				GCC_DYNAMIC_NO_PIC = NO;
				GCC_NO_COMMON_BLOCKS = YES;
				GCC_OPTIMIZATION_LEVEL = 0;
				GCC_PREPROCESSOR_DEFINITIONS = (
					"DEBUG=1",
					"$(inherited)",
				);
				GCC_WARN_64_TO_32_BIT_CONVERSION = YES;
				GCC_WARN_ABOUT_RETURN_TYPE = YES_ERROR;
				GCC_WARN_UNDECLARED_SELECTOR = YES;
				GCC_WARN_UNINITIALIZED_AUTOS = YES_AGGRESSIVE;
				GCC_WARN_UNUSED_FUNCTION = YES;
				GCC_WARN_UNUSED_VARIABLE = YES;
				IPHONEOS_DEPLOYMENT_TARGET = 11.0;
				MTL_ENABLE_DEBUG_INFO = YES;
				ONLY_ACTIVE_ARCH = YES;
				SDKROOT = iphoneos;
				SWIFT_ACTIVE_COMPILATION_CONDITIONS = DEBUG;
				SWIFT_OPTIMIZATION_LEVEL = "-Onone";
			};
			name = Debug;
		};
		39F368141FAEB5E70020D3BB /* Release */ = {
			isa = XCBuildConfiguration;
			buildSettings = {
				ALWAYS_SEARCH_USER_PATHS = NO;
				CLANG_ANALYZER_NONNULL = YES;
				CLANG_ANALYZER_NUMBER_OBJECT_CONVERSION = YES_AGGRESSIVE;
				CLANG_CXX_LANGUAGE_STANDARD = "gnu++14";
				CLANG_CXX_LIBRARY = "libc++";
				CLANG_ENABLE_MODULES = YES;
				CLANG_ENABLE_OBJC_ARC = YES;
				CLANG_WARN_BLOCK_CAPTURE_AUTORELEASING = YES;
				CLANG_WARN_BOOL_CONVERSION = YES;
				CLANG_WARN_COMMA = YES;
				CLANG_WARN_CONSTANT_CONVERSION = YES;
				CLANG_WARN_DIRECT_OBJC_ISA_USAGE = YES_ERROR;
				CLANG_WARN_DOCUMENTATION_COMMENTS = YES;
				CLANG_WARN_EMPTY_BODY = YES;
				CLANG_WARN_ENUM_CONVERSION = YES;
				CLANG_WARN_INFINITE_RECURSION = YES;
				CLANG_WARN_INT_CONVERSION = YES;
				CLANG_WARN_NON_LITERAL_NULL_CONVERSION = YES;
				CLANG_WARN_OBJC_LITERAL_CONVERSION = YES;
				CLANG_WARN_OBJC_ROOT_CLASS = YES_ERROR;
				CLANG_WARN_RANGE_LOOP_ANALYSIS = YES;
				CLANG_WARN_STRICT_PROTOTYPES = YES;
				CLANG_WARN_SUSPICIOUS_MOVE = YES;
				CLANG_WARN_UNGUARDED_AVAILABILITY = YES_AGGRESSIVE;
				CLANG_WARN_UNREACHABLE_CODE = YES;
				CLANG_WARN__DUPLICATE_METHOD_MATCH = YES;
				CODE_SIGN_IDENTITY = "iPhone Developer";
				COPY_PHASE_STRIP = NO;
				DEBUG_INFORMATION_FORMAT = "dwarf-with-dsym";
				ENABLE_NS_ASSERTIONS = NO;
				ENABLE_STRICT_OBJC_MSGSEND = YES;
				GCC_C_LANGUAGE_STANDARD = gnu11;
				GCC_NO_COMMON_BLOCKS = YES;
				GCC_WARN_64_TO_32_BIT_CONVERSION = YES;
				GCC_WARN_ABOUT_RETURN_TYPE = YES_ERROR;
				GCC_WARN_UNDECLARED_SELECTOR = YES;
				GCC_WARN_UNINITIALIZED_AUTOS = YES_AGGRESSIVE;
				GCC_WARN_UNUSED_FUNCTION = YES;
				GCC_WARN_UNUSED_VARIABLE = YES;
				IPHONEOS_DEPLOYMENT_TARGET = 11.0;
				MTL_ENABLE_DEBUG_INFO = NO;
				SDKROOT = iphoneos;
				SWIFT_OPTIMIZATION_LEVEL = "-Owholemodule";
				VALIDATE_PRODUCT = YES;
			};
			name = Release;
		};
		39F368161FAEB5E70020D3BB /* Debug */ = {
			isa = XCBuildConfiguration;
			baseConfigurationReference = 0146087B50B117F1DD6695EE /* Pods-REEQ_HUD.debug.xcconfig */;
			buildSettings = {
				ASSETCATALOG_COMPILER_APPICON_NAME = AppIcon;
				CODE_SIGN_STYLE = Automatic;
				DEVELOPMENT_TEAM = JR8R6WJLBX;
				INFOPLIST_FILE = REEQ_HUD/Info.plist;
				LD_RUNPATH_SEARCH_PATHS = "$(inherited) @executable_path/Frameworks";
				PRODUCT_BUNDLE_IDENTIFIER = "com.AtKit.REEQ-HUD";
				PRODUCT_NAME = "$(TARGET_NAME)";
				SWIFT_VERSION = 4.0;
				TARGETED_DEVICE_FAMILY = 2;
			};
			name = Debug;
		};
		39F368171FAEB5E70020D3BB /* Release */ = {
			isa = XCBuildConfiguration;
			baseConfigurationReference = B8C35084C1A4489AFE1C2133 /* Pods-REEQ_HUD.release.xcconfig */;
			buildSettings = {
				ASSETCATALOG_COMPILER_APPICON_NAME = AppIcon;
				CODE_SIGN_STYLE = Automatic;
				DEVELOPMENT_TEAM = JR8R6WJLBX;
				INFOPLIST_FILE = REEQ_HUD/Info.plist;
				LD_RUNPATH_SEARCH_PATHS = "$(inherited) @executable_path/Frameworks";
				PRODUCT_BUNDLE_IDENTIFIER = "com.AtKit.REEQ-HUD";
				PRODUCT_NAME = "$(TARGET_NAME)";
				SWIFT_VERSION = 4.0;
				TARGETED_DEVICE_FAMILY = 2;
			};
			name = Release;
		};
/* End XCBuildConfiguration section */

/* Begin XCConfigurationList section */
		39F367FE1FAEB5E70020D3BB /* Build configuration list for PBXProject "REEQ_HUD" */ = {
			isa = XCConfigurationList;
			buildConfigurations = (
				39F368131FAEB5E70020D3BB /* Debug */,
				39F368141FAEB5E70020D3BB /* Release */,
			);
			defaultConfigurationIsVisible = 0;
			defaultConfigurationName = Release;
		};
		39F368151FAEB5E70020D3BB /* Build configuration list for PBXNativeTarget "REEQ_HUD" */ = {
			isa = XCConfigurationList;
			buildConfigurations = (
				39F368161FAEB5E70020D3BB /* Debug */,
				39F368171FAEB5E70020D3BB /* Release */,
			);
			defaultConfigurationIsVisible = 0;
			defaultConfigurationName = Release;
		};
/* End XCConfigurationList section */
	};
	rootObject = 39F367FB1FAEB5E70020D3BB /* Project object */;
}
